
Microsoft Visual Studio Solution File, Format Version 12.00
# Visual Studio Version 16
VisualStudioVersion = 16.0.31829.152
MinimumVisualStudioVersion = 10.0.40219.1
Project("{FAE04EC0-301F-11D3-BF4B-00C04F79EFBC}") = "Lab_18_1", "Lab_18_1\Lab_18_1.csproj", "{3259D5ED-F39E-482C-8E97-F8A5FE5BEB3E}"
EndProject
Global
	GlobalSection(SolutionConfigurationPlatforms) = preSolution
		Debug|Any CPU = Debug|Any CPU
		Release|Any CPU = Release|Any CPU
	EndGlobalSection
	GlobalSection(ProjectConfigurationPlatforms) = postSolution
		{3259D5ED-F39E-482C-8E97-F8A5FE5BEB3E}.Debug|Any CPU.ActiveCfg = Debug|Any CPU
		{3259D5ED-F39E-482C-8E97-F8A5FE5BEB3E}.Debug|Any CPU.Build.0 = Debug|Any CPU
		{3259D5ED-F39E-482C-8E97-F8A5FE5BEB3E}.Release|Any CPU.ActiveCfg = Release|Any CPU
		{3259D5ED-F39E-482C-8E97-F8A5FE5BEB3E}.Release|Any CPU.Build.0 = Release|Any CPU
	EndGlobalSection
	GlobalSection(SolutionProperties) = preSolution
		HideSolutionNode = FALSE
	EndGlobalSection
	GlobalSection(ExtensibilityGlobals) = postSolution
		SolutionGuid = {34E021BC-4AA9-4AA1-A266-E8E0BE848401}
	EndGlobalSection
EndGlobal
